
Microsoft Visual Studio Solution File, Format Version 12.00
# Visual Studio Version 16
VisualStudioVersion = 16.0.29324.140
MinimumVisualStudioVersion = 10.0.40219.1
Project("{2150E333-8FDC-42A3-9474-1A3956D46DE8}") = "WpfWindowToolkit.Samples", "WpfWindowToolkit.Samples", "{1AFB5FBC-3F29-4993-BD99-82F0446D25A3}"
EndProject
Project("{2150E333-8FDC-42A3-9474-1A3956D46DE8}") = "Files", "Files", "{A9C450B3-7B99-4285-B502-A4F4E471F9EF}"
	ProjectSection(SolutionItems) = preProject
		CHANGELOG.md = CHANGELOG.md
		LICENSE = LICENSE
		README.md = README.md
	EndProjectSection
EndProject
Project("{2150E333-8FDC-42A3-9474-1A3956D46DE8}") = "WpfWindowToolkit", "WpfWindowToolkit", "{0123FB51-6466-46C8-BEE0-50CD6A68B95D}"
EndProject
Project("{2150E333-8FDC-42A3-9474-1A3956D46DE8}") = "Screenshots", "Screenshots", "{E177AF1D-AC3C-4696-8F0B-AC811ACC81A5}"
	ProjectSection(SolutionItems) = preProject
		Images\Screenshot\Demo.png = Images\Screenshot\Demo.png
		Images\Screenshot\Demo1.2.png = Images\Screenshot\Demo1.2.png
	EndProjectSection
EndProject
Project("{2150E333-8FDC-42A3-9474-1A3956D46DE8}") = "Images", "Images", "{B3187632-7109-4D71-9AAD-F8F138DD9ADD}"
	ProjectSection(SolutionItems) = preProject
		Images\Logo.png = Images\Logo.png
	EndProjectSection
EndProject
Project("{9A19103F-16F7-4668-BE54-9A1E7A4F7556}") = "PraiseHim.Rejoice.WpfWindowToolkit", "WpfWindowToolkit\PraiseHim.Rejoice.WpfWindowToolkit.csproj", "{FEE0934E-467E-4326-A9CF-A2961CA63BA1}"
EndProject
Project("{9A19103F-16F7-4668-BE54-9A1E7A4F7556}") = "WpfWindowToolkit.Demo.NETCore", "WpfWindowToolkit.Samples\WpfWindowToolkit.Demo.NET45\WpfWindowToolkit.Demo.NETCore.csproj", "{B07615EF-B18A-4BD5-91B0-CA380012804E}"
EndProject
Global
	GlobalSection(SolutionConfigurationPlatforms) = preSolution
		Debug|Any CPU = Debug|Any CPU
		Release|Any CPU = Release|Any CPU
	EndGlobalSection
	GlobalSection(ProjectConfigurationPlatforms) = postSolution
		{FEE0934E-467E-4326-A9CF-A2961CA63BA1}.Debug|Any CPU.ActiveCfg = Debug|Any CPU
		{FEE0934E-467E-4326-A9CF-A2961CA63BA1}.Debug|Any CPU.Build.0 = Debug|Any CPU
		{FEE0934E-467E-4326-A9CF-A2961CA63BA1}.Release|Any CPU.ActiveCfg = Release|Any CPU
		{FEE0934E-467E-4326-A9CF-A2961CA63BA1}.Release|Any CPU.Build.0 = Release|Any CPU
		{B07615EF-B18A-4BD5-91B0-CA380012804E}.Debug|Any CPU.ActiveCfg = Debug|Any CPU
		{B07615EF-B18A-4BD5-91B0-CA380012804E}.Debug|Any CPU.Build.0 = Debug|Any CPU
		{B07615EF-B18A-4BD5-91B0-CA380012804E}.Release|Any CPU.ActiveCfg = Release|Any CPU
		{B07615EF-B18A-4BD5-91B0-CA380012804E}.Release|Any CPU.Build.0 = Release|Any CPU
	EndGlobalSection
	GlobalSection(SolutionProperties) = preSolution
		HideSolutionNode = FALSE
	EndGlobalSection
	GlobalSection(NestedProjects) = preSolution
		{E177AF1D-AC3C-4696-8F0B-AC811ACC81A5} = {B3187632-7109-4D71-9AAD-F8F138DD9ADD}
		{B3187632-7109-4D71-9AAD-F8F138DD9ADD} = {A9C450B3-7B99-4285-B502-A4F4E471F9EF}
		{FEE0934E-467E-4326-A9CF-A2961CA63BA1} = {0123FB51-6466-46C8-BEE0-50CD6A68B95D}
		{B07615EF-B18A-4BD5-91B0-CA380012804E} = {1AFB5FBC-3F29-4993-BD99-82F0446D25A3}
	EndGlobalSection
	GlobalSection(ExtensibilityGlobals) = postSolution
		SolutionGuid = {D9D0B295-0E15-43A9-8BA4-097420BD27CB}
	EndGlobalSection
EndGlobal
